{
  "name": "docpad-plugin-sunny",
  "version": "3.0.0",
  "lockfileVersion": 1,
  "requires": true,
  "dependencies": {
    "ambi": {
      "version": "2.1.6",
      "resolved": "https://registry.npmjs.org/ambi/-/ambi-2.1.6.tgz",
      "integrity": "sha1-UPnNQOqkPhH/ZTmKmwvpdQJ6xXw=",
      "requires": {
        "typechecker": "~2.0.7"
      }
    },
    "mime": {
      "version": "1.2.11",
      "resolved": "https://registry.npmjs.org/mime/-/mime-1.2.11.tgz",
      "integrity": "sha1-WCA+7Ybjpe8XrtK32evUfwpg3RA="
    },
    "sax": {
      "version": "1.2.4",
      "resolved": "https://registry.npmjs.org/sax/-/sax-1.2.4.tgz",
      "integrity": "sha512-NqVDv9TpANUjFm0N8uM5GxL36UgKi9/atZw+x7YFnQ8ckwFGKrl4xX4yWtrey3UJm5nP1kUbnYgLopqWNSRhWw=="
    },
    "sunny": {
      "version": "0.0.5",
      "resolved": "https://registry.npmjs.org/sunny/-/sunny-0.0.5.tgz",
      "integrity": "sha1-YpYDJMdSDuYrNMxyXxrlgFebvzE=",
      "requires": {
        "xml2js": "0.1.9"
      }
    },
    "taskgroup": {
      "version": "3.2.4",
      "resolved": "https://registry.npmjs.org/taskgroup/-/taskgroup-3.2.4.tgz",
      "integrity": "sha1-S3eD0cgvprTzHeOuo6HTsdiquYk=",
      "requires": {
        "ambi": "~2.1.5"
      }
    },
    "typechecker": {
      "version": "2.0.8",
      "resolved": "https://registry.npmjs.org/typechecker/-/typechecker-2.0.8.tgz",
      "integrity": "sha1-6D2oS7ZMWEzLNFg4V2xAsDN9uC4="
    },
    "xml2js": {
      "version": "0.1.9",
      "resolved": "https://registry.npmjs.org/xml2js/-/xml2js-0.1.9.tgz",
      "integrity": "sha1-wm/Qgm4Bor5xEHSKNPD4OFvkWfE=",
      "requires": {
        "sax": ">=0.1.1"
      }
    }
  }
}
